
Microsoft Visual Studio Solution File, Format Version 12.00
# Visual Studio Version 17
VisualStudioVersion = 17.4.33213.308
MinimumVisualStudioVersion = 10.0.40219.1
Project("{9A19103F-16F7-4668-BE54-9A1E7A4F7556}") = "RecipeThesaurus", "RecipeThesaurus.csproj", "{6A72A477-22E0-4DA7-97F3-A471239F5B04}"
EndProject
Project("{E53339B2-1760-4266-BCC7-CA923CBCF16C}") = "docker-compose", "docker-compose.dcproj", "{ACC59C30-4C21-4152-A932-0525B0B68044}"
EndProject
Global
	GlobalSection(SolutionConfigurationPlatforms) = preSolution
		Debug|Any CPU = Debug|Any CPU
		Release|Any CPU = Release|Any CPU
	EndGlobalSection
	GlobalSection(ProjectConfigurationPlatforms) = postSolution
		{6A72A477-22E0-4DA7-97F3-A471239F5B04}.Debug|Any CPU.ActiveCfg = Debug|Any CPU
		{6A72A477-22E0-4DA7-97F3-A471239F5B04}.Debug|Any CPU.Build.0 = Debug|Any CPU
		{6A72A477-22E0-4DA7-97F3-A471239F5B04}.Release|Any CPU.ActiveCfg = Release|Any CPU
		{6A72A477-22E0-4DA7-97F3-A471239F5B04}.Release|Any CPU.Build.0 = Release|Any CPU
		{ACC59C30-4C21-4152-A932-0525B0B68044}.Debug|Any CPU.ActiveCfg = Debug|Any CPU
		{ACC59C30-4C21-4152-A932-0525B0B68044}.Debug|Any CPU.Build.0 = Debug|Any CPU
		{ACC59C30-4C21-4152-A932-0525B0B68044}.Release|Any CPU.ActiveCfg = Release|Any CPU
		{ACC59C30-4C21-4152-A932-0525B0B68044}.Release|Any CPU.Build.0 = Release|Any CPU
	EndGlobalSection
	GlobalSection(SolutionProperties) = preSolution
		HideSolutionNode = FALSE
	EndGlobalSection
	GlobalSection(ExtensibilityGlobals) = postSolution
		SolutionGuid = {B00E6CBF-DF04-4217-9247-F54C2C759B72}
	EndGlobalSection
EndGlobal
